// !$*UTF8*$!
{
	archiveVersion = 1;
	classes = {
	};
	objectVersion = 56;
	objects = {

/* Begin PBXBuildFile section */
		C26CCE9B50ABF0DDF279A800 /* Pods_ChatApp.framework in Frameworks */ = {isa = PBXBuildFile; fileRef = FF3C491DB21141F61CBC0666 /* Pods_ChatApp.framework */; };
		EC42261C29BB473600D0F06B /* AppDelegate.swift in Sources */ = {isa = PBXBuildFile; fileRef = EC42261B29BB473600D0F06B /* AppDelegate.swift */; };
		EC42261E29BB473600D0F06B /* SceneDelegate.swift in Sources */ = {isa = PBXBuildFile; fileRef = EC42261D29BB473600D0F06B /* SceneDelegate.swift */; };
		EC42262029BB473600D0F06B /* ConversationsViewController.swift in Sources */ = {isa = PBXBuildFile; fileRef = EC42261F29BB473600D0F06B /* ConversationsViewController.swift */; };
		EC42262329BB473600D0F06B /* Main.storyboard in Resources */ = {isa = PBXBuildFile; fileRef = EC42262129BB473600D0F06B /* Main.storyboard */; };
		EC42262529BB473700D0F06B /* Assets.xcassets in Resources */ = {isa = PBXBuildFile; fileRef = EC42262429BB473700D0F06B /* Assets.xcassets */; };
		EC42262829BB473700D0F06B /* LaunchScreen.storyboard in Resources */ = {isa = PBXBuildFile; fileRef = EC42262629BB473700D0F06B /* LaunchScreen.storyboard */; };
		EC42263629BB9C2900D0F06B /* LoginViewController.swift in Sources */ = {isa = PBXBuildFile; fileRef = EC42263529BB9C2900D0F06B /* LoginViewController.swift */; };
		EC42263829BB9C3800D0F06B /* RegisterViewController.swift in Sources */ = {isa = PBXBuildFile; fileRef = EC42263729BB9C3800D0F06B /* RegisterViewController.swift */; };
		EC42263A29BB9C5900D0F06B /* PhotoViewerViewController.swift in Sources */ = {isa = PBXBuildFile; fileRef = EC42263929BB9C5900D0F06B /* PhotoViewerViewController.swift */; };
		EC42263C29BB9C6B00D0F06B /* VideoPlayerViewController.swift in Sources */ = {isa = PBXBuildFile; fileRef = EC42263B29BB9C6B00D0F06B /* VideoPlayerViewController.swift */; };
		EC42263E29BB9C8F00D0F06B /* NewConversationViewController.swift in Sources */ = {isa = PBXBuildFile; fileRef = EC42263D29BB9C8F00D0F06B /* NewConversationViewController.swift */; };
		EC42264029BB9CA300D0F06B /* ProfileViewController.swift in Sources */ = {isa = PBXBuildFile; fileRef = EC42263F29BB9CA300D0F06B /* ProfileViewController.swift */; };
		EC42264329BBA94900D0F06B /* Extensions.swift in Sources */ = {isa = PBXBuildFile; fileRef = EC42264229BBA94900D0F06B /* Extensions.swift */; };
		EC42264729C0549500D0F06B /* GoogleService-Info.plist in Resources */ = {isa = PBXBuildFile; fileRef = EC42264629C0549400D0F06B /* GoogleService-Info.plist */; };
		EC42264929C0EA0D00D0F06B /* DatabaseManager.swift in Sources */ = {isa = PBXBuildFile; fileRef = EC42264829C0EA0D00D0F06B /* DatabaseManager.swift */; };
/* End PBXBuildFile section */

/* Begin PBXFileReference section */
		6161F2D272395FCFB2D9D170 /* Pods-ChatApp.debug.xcconfig */ = {isa = PBXFileReference; includeInIndex = 1; lastKnownFileType = text.xcconfig; name = "Pods-ChatApp.debug.xcconfig"; path = "Target Support Files/Pods-ChatApp/Pods-ChatApp.debug.xcconfig"; sourceTree = "<group>"; };
		85156DD59473DDFF4F9D85A7 /* Pods-ChatApp.release.xcconfig */ = {isa = PBXFileReference; includeInIndex = 1; lastKnownFileType = text.xcconfig; name = "Pods-ChatApp.release.xcconfig"; path = "Target Support Files/Pods-ChatApp/Pods-ChatApp.release.xcconfig"; sourceTree = "<group>"; };
		EC42261829BB473600D0F06B /* ChatApp.app */ = {isa = PBXFileReference; explicitFileType = wrapper.application; includeInIndex = 0; path = ChatApp.app; sourceTree = BUILT_PRODUCTS_DIR; };
		EC42261B29BB473600D0F06B /* AppDelegate.swift */ = {isa = PBXFileReference; lastKnownFileType = sourcecode.swift; path = AppDelegate.swift; sourceTree = "<group>"; };
		EC42261D29BB473600D0F06B /* SceneDelegate.swift */ = {isa = PBXFileReference; lastKnownFileType = sourcecode.swift; path = SceneDelegate.swift; sourceTree = "<group>"; };
		EC42261F29BB473600D0F06B /* ConversationsViewController.swift */ = {isa = PBXFileReference; lastKnownFileType = sourcecode.swift; path = ConversationsViewController.swift; sourceTree = "<group>"; };
		EC42262229BB473600D0F06B /* Base */ = {isa = PBXFileReference; lastKnownFileType = file.storyboard; name = Base; path = Base.lproj/Main.storyboard; sourceTree = "<group>"; };
		EC42262429BB473700D0F06B /* Assets.xcassets */ = {isa = PBXFileReference; lastKnownFileType = folder.assetcatalog; path = Assets.xcassets; sourceTree = "<group>"; };
		EC42262729BB473700D0F06B /* Base */ = {isa = PBXFileReference; lastKnownFileType = file.storyboard; name = Base; path = Base.lproj/LaunchScreen.storyboard; sourceTree = "<group>"; };
		EC42262929BB473700D0F06B /* Info.plist */ = {isa = PBXFileReference; lastKnownFileType = text.plist.xml; path = Info.plist; sourceTree = "<group>"; };
		EC42263529BB9C2900D0F06B /* LoginViewController.swift */ = {isa = PBXFileReference; lastKnownFileType = sourcecode.swift; path = LoginViewController.swift; sourceTree = "<group>"; };
		EC42263729BB9C3800D0F06B /* RegisterViewController.swift */ = {isa = PBXFileReference; lastKnownFileType = sourcecode.swift; path = RegisterViewController.swift; sourceTree = "<group>"; };
		EC42263929BB9C5900D0F06B /* PhotoViewerViewController.swift */ = {isa = PBXFileReference; lastKnownFileType = sourcecode.swift; path = PhotoViewerViewController.swift; sourceTree = "<group>"; };
		EC42263B29BB9C6B00D0F06B /* VideoPlayerViewController.swift */ = {isa = PBXFileReference; lastKnownFileType = sourcecode.swift; path = VideoPlayerViewController.swift; sourceTree = "<group>"; };
		EC42263D29BB9C8F00D0F06B /* NewConversationViewController.swift */ = {isa = PBXFileReference; lastKnownFileType = sourcecode.swift; path = NewConversationViewController.swift; sourceTree = "<group>"; };
		EC42263F29BB9CA300D0F06B /* ProfileViewController.swift */ = {isa = PBXFileReference; lastKnownFileType = sourcecode.swift; path = ProfileViewController.swift; sourceTree = "<group>"; };
		EC42264229BBA94900D0F06B /* Extensions.swift */ = {isa = PBXFileReference; lastKnownFileType = sourcecode.swift; path = Extensions.swift; sourceTree = "<group>"; };
		EC42264629C0549400D0F06B /* GoogleService-Info.plist */ = {isa = PBXFileReference; fileEncoding = 4; lastKnownFileType = text.plist.xml; path = "GoogleService-Info.plist"; sourceTree = "<group>"; };
		EC42264829C0EA0D00D0F06B /* DatabaseManager.swift */ = {isa = PBXFileReference; lastKnownFileType = sourcecode.swift; path = DatabaseManager.swift; sourceTree = "<group>"; };
		FF3C491DB21141F61CBC0666 /* Pods_ChatApp.framework */ = {isa = PBXFileReference; explicitFileType = wrapper.framework; includeInIndex = 0; path = Pods_ChatApp.framework; sourceTree = BUILT_PRODUCTS_DIR; };
/* End PBXFileReference section */

/* Begin PBXFrameworksBuildPhase section */
		EC42261529BB473600D0F06B /* Frameworks */ = {
			isa = PBXFrameworksBuildPhase;
			buildActionMask = 2147483647;
			files = (
				C26CCE9B50ABF0DDF279A800 /* Pods_ChatApp.framework in Frameworks */,
			);
			runOnlyForDeploymentPostprocessing = 0;
		};
/* End PBXFrameworksBuildPhase section */

/* Begin PBXGroup section */
		3204CB1269908D545190B074 /* Pods */ = {
			isa = PBXGroup;
			children = (
				6161F2D272395FCFB2D9D170 /* Pods-ChatApp.debug.xcconfig */,
				85156DD59473DDFF4F9D85A7 /* Pods-ChatApp.release.xcconfig */,
			);
			path = Pods;
			sourceTree = "<group>";
		};
		AEAC543E716B6507EC21FB5E /* Frameworks */ = {
			isa = PBXGroup;
			children = (
				FF3C491DB21141F61CBC0666 /* Pods_ChatApp.framework */,
			);
			name = Frameworks;
			sourceTree = "<group>";
		};
		EC42260F29BB473600D0F06B = {
			isa = PBXGroup;
			children = (
				EC42261A29BB473600D0F06B /* ChatApp */,
				EC42261929BB473600D0F06B /* Products */,
				3204CB1269908D545190B074 /* Pods */,
				AEAC543E716B6507EC21FB5E /* Frameworks */,
			);
			sourceTree = "<group>";
		};
		EC42261929BB473600D0F06B /* Products */ = {
			isa = PBXGroup;
			children = (
				EC42261829BB473600D0F06B /* ChatApp.app */,
			);
			name = Products;
			sourceTree = "<group>";
		};
		EC42261A29BB473600D0F06B /* ChatApp */ = {
			isa = PBXGroup;
			children = (
				EC42264629C0549400D0F06B /* GoogleService-Info.plist */,
				EC42263329BB9A7200D0F06B /* Resources */,
				EC42263229BB9A6B00D0F06B /* ViewModels */,
				EC42263129BB9A6400D0F06B /* Models */,
				EC42263029BB9A5D00D0F06B /* Views */,
				EC42262F29BB9A5500D0F06B /* Controllers */,
				EC42262929BB473700D0F06B /* Info.plist */,
			);
			path = ChatApp;
			sourceTree = "<group>";
		};
		EC42262F29BB9A5500D0F06B /* Controllers */ = {
			isa = PBXGroup;
			children = (
				EC42261F29BB473600D0F06B /* ConversationsViewController.swift */,
				EC42264129BB9E8300D0F06B /* Login */,
				EC42263929BB9C5900D0F06B /* PhotoViewerViewController.swift */,
				EC42263B29BB9C6B00D0F06B /* VideoPlayerViewController.swift */,
				EC42263D29BB9C8F00D0F06B /* NewConversationViewController.swift */,
				EC42263F29BB9CA300D0F06B /* ProfileViewController.swift */,
			);
			path = Controllers;
			sourceTree = "<group>";
		};
		EC42263029BB9A5D00D0F06B /* Views */ = {
			isa = PBXGroup;
			children = (
				EC42263429BB9AA500D0F06B /* Storyboards */,
				EC42262429BB473700D0F06B /* Assets.xcassets */,
			);
			path = Views;
			sourceTree = "<group>";
		};
		EC42263129BB9A6400D0F06B /* Models */ = {
			isa = PBXGroup;
			children = (
			);
			path = Models;
			sourceTree = "<group>";
		};
		EC42263229BB9A6B00D0F06B /* ViewModels */ = {
			isa = PBXGroup;
			children = (
			);
			path = ViewModels;
			sourceTree = "<group>";
		};
		EC42263329BB9A7200D0F06B /* Resources */ = {
			isa = PBXGroup;
			children = (
				EC42261B29BB473600D0F06B /* AppDelegate.swift */,
				EC42261D29BB473600D0F06B /* SceneDelegate.swift */,
				EC42264229BBA94900D0F06B /* Extensions.swift */,
				EC42264829C0EA0D00D0F06B /* DatabaseManager.swift */,
			);
			path = Resources;
			sourceTree = "<group>";
		};
		EC42263429BB9AA500D0F06B /* Storyboards */ = {
			isa = PBXGroup;
			children = (
				EC42262129BB473600D0F06B /* Main.storyboard */,
				EC42262629BB473700D0F06B /* LaunchScreen.storyboard */,
			);
			path = Storyboards;
			sourceTree = "<group>";
		};
		EC42264129BB9E8300D0F06B /* Login */ = {
			isa = PBXGroup;
			children = (
				EC42263529BB9C2900D0F06B /* LoginViewController.swift */,
				EC42263729BB9C3800D0F06B /* RegisterViewController.swift */,
			);
			path = Login;
			sourceTree = "<group>";
		};
/* End PBXGroup section */

/* Begin PBXNativeTarget section */
		EC42261729BB473600D0F06B /* ChatApp */ = {
			isa = PBXNativeTarget;
			buildConfigurationList = EC42262C29BB473700D0F06B /* Build configuration list for PBXNativeTarget "ChatApp" */;
			buildPhases = (
				9292DB439A78F281947BE1F5 /* [CP] Check Pods Manifest.lock */,
				EC42261429BB473600D0F06B /* Sources */,
				EC42261529BB473600D0F06B /* Frameworks */,
				EC42261629BB473600D0F06B /* Resources */,
				DF6BE1758A4B7BB2B2720EDB /* [CP] Embed Pods Frameworks */,
			);
			buildRules = (
			);
			dependencies = (
			);
			name = ChatApp;
			productName = ChatApp;
			productReference = EC42261829BB473600D0F06B /* ChatApp.app */;
			productType = "com.apple.product-type.application";
		};
/* End PBXNativeTarget section */

/* Begin PBXProject section */
		EC42261029BB473600D0F06B /* Project object */ = {
			isa = PBXProject;
			attributes = {
				BuildIndependentTargetsInParallel = 1;
				LastSwiftUpdateCheck = 1420;
				LastUpgradeCheck = 1420;
				TargetAttributes = {
					EC42261729BB473600D0F06B = {
						CreatedOnToolsVersion = 14.2;
					};
				};
			};
			buildConfigurationList = EC42261329BB473600D0F06B /* Build configuration list for PBXProject "ChatApp" */;
			compatibilityVersion = "Xcode 14.0";
			developmentRegion = en;
			hasScannedForEncodings = 0;
			knownRegions = (
				en,
				Base,
			);
			mainGroup = EC42260F29BB473600D0F06B;
			productRefGroup = EC42261929BB473600D0F06B /* Products */;
			projectDirPath = "";
			projectRoot = "";
			targets = (
				EC42261729BB473600D0F06B /* ChatApp */,
			);
		};
/* End PBXProject section */

/* Begin PBXResourcesBuildPhase section */
		EC42261629BB473600D0F06B /* Resources */ = {
			isa = PBXResourcesBuildPhase;
			buildActionMask = 2147483647;
			files = (
				EC42262829BB473700D0F06B /* LaunchScreen.storyboard in Resources */,
				EC42264729C0549500D0F06B /* GoogleService-Info.plist in Resources */,
				EC42262529BB473700D0F06B /* Assets.xcassets in Resources */,
				EC42262329BB473600D0F06B /* Main.storyboard in Resources */,
			);
			runOnlyForDeploymentPostprocessing = 0;
		};
/* End PBXResourcesBuildPhase section */

/* Begin PBXShellScriptBuildPhase section */
		9292DB439A78F281947BE1F5 /* [CP] Check Pods Manifest.lock */ = {
			isa = PBXShellScriptBuildPhase;
			buildActionMask = 2147483647;
			files = (
			);
			inputFileListPaths = (
			);
			inputPaths = (
				"${PODS_PODFILE_DIR_PATH}/Podfile.lock",
				"${PODS_ROOT}/Manifest.lock",
			);
			name = "[CP] Check Pods Manifest.lock";
			outputFileListPaths = (
			);
			outputPaths = (
				"$(DERIVED_FILE_DIR)/Pods-ChatApp-checkManifestLockResult.txt",
			);
			runOnlyForDeploymentPostprocessing = 0;
			shellPath = /bin/sh;
			shellScript = "diff \"${PODS_PODFILE_DIR_PATH}/Podfile.lock\" \"${PODS_ROOT}/Manifest.lock\" > /dev/null\nif [ $? != 0 ] ; then\n    # print error to STDERR\n    echo \"error: The sandbox is not in sync with the Podfile.lock. Run 'pod install' or update your CocoaPods installation.\" >&2\n    exit 1\nfi\n# This output is used by Xcode 'outputs' to avoid re-running this script phase.\necho \"SUCCESS\" > \"${SCRIPT_OUTPUT_FILE_0}\"\n";
			showEnvVarsInLog = 0;
		};
		DF6BE1758A4B7BB2B2720EDB /* [CP] Embed Pods Frameworks */ = {
			isa = PBXShellScriptBuildPhase;
			buildActionMask = 2147483647;
			files = (
			);
			inputFileListPaths = (
				"${PODS_ROOT}/Target Support Files/Pods-ChatApp/Pods-ChatApp-frameworks-${CONFIGURATION}-input-files.xcfilelist",
			);
			name = "[CP] Embed Pods Frameworks";
			outputFileListPaths = (
				"${PODS_ROOT}/Target Support Files/Pods-ChatApp/Pods-ChatApp-frameworks-${CONFIGURATION}-output-files.xcfilelist",
			);
			runOnlyForDeploymentPostprocessing = 0;
			shellPath = /bin/sh;
			shellScript = "\"${PODS_ROOT}/Target Support Files/Pods-ChatApp/Pods-ChatApp-frameworks.sh\"\n";
			showEnvVarsInLog = 0;
		};
/* End PBXShellScriptBuildPhase section */

/* Begin PBXSourcesBuildPhase section */
		EC42261429BB473600D0F06B /* Sources */ = {
			isa = PBXSourcesBuildPhase;
			buildActionMask = 2147483647;
			files = (
				EC42263629BB9C2900D0F06B /* LoginViewController.swift in Sources */,
				EC42264929C0EA0D00D0F06B /* DatabaseManager.swift in Sources */,
				EC42263829BB9C3800D0F06B /* RegisterViewController.swift in Sources */,
				EC42263E29BB9C8F00D0F06B /* NewConversationViewController.swift in Sources */,
				EC42262029BB473600D0F06B /* ConversationsViewController.swift in Sources */,
				EC42263C29BB9C6B00D0F06B /* VideoPlayerViewController.swift in Sources */,
				EC42264329BBA94900D0F06B /* Extensions.swift in Sources */,
				EC42261C29BB473600D0F06B /* AppDelegate.swift in Sources */,
				EC42264029BB9CA300D0F06B /* ProfileViewController.swift in Sources */,
				EC42261E29BB473600D0F06B /* SceneDelegate.swift in Sources */,
				EC42263A29BB9C5900D0F06B /* PhotoViewerViewController.swift in Sources */,
			);
			runOnlyForDeploymentPostprocessing = 0;
		};
/* End PBXSourcesBuildPhase section */

/* Begin PBXVariantGroup section */
		EC42262129BB473600D0F06B /* Main.storyboard */ = {
			isa = PBXVariantGroup;
			children = (
				EC42262229BB473600D0F06B /* Base */,
			);
			name = Main.storyboard;
			sourceTree = "<group>";
		};
		EC42262629BB473700D0F06B /* LaunchScreen.storyboard */ = {
			isa = PBXVariantGroup;
			children = (
				EC42262729BB473700D0F06B /* Base */,
			);
			name = LaunchScreen.storyboard;
			sourceTree = "<group>";
		};
/* End PBXVariantGroup section */

/* Begin XCBuildConfiguration section */
		EC42262A29BB473700D0F06B /* Debug */ = {
			isa = XCBuildConfiguration;
			buildSettings = {
				ALWAYS_SEARCH_USER_PATHS = NO;
				CLANG_ANALYZER_NONNULL = YES;
				CLANG_ANALYZER_NUMBER_OBJECT_CONVERSION = YES_AGGRESSIVE;
				CLANG_CXX_LANGUAGE_STANDARD = "gnu++20";
				CLANG_ENABLE_MODULES = YES;
				CLANG_ENABLE_OBJC_ARC = YES;
				CLANG_ENABLE_OBJC_WEAK = YES;
				CLANG_WARN_BLOCK_CAPTURE_AUTORELEASING = YES;
				CLANG_WARN_BOOL_CONVERSION = YES;
				CLANG_WARN_COMMA = YES;
				CLANG_WARN_CONSTANT_CONVERSION = YES;
				CLANG_WARN_DEPRECATED_OBJC_IMPLEMENTATIONS = YES;
				CLANG_WARN_DIRECT_OBJC_ISA_USAGE = YES_ERROR;
				CLANG_WARN_DOCUMENTATION_COMMENTS = YES;
				CLANG_WARN_EMPTY_BODY = YES;
				CLANG_WARN_ENUM_CONVERSION = YES;
				CLANG_WARN_INFINITE_RECURSION = YES;
				CLANG_WARN_INT_CONVERSION = YES;
				CLANG_WARN_NON_LITERAL_NULL_CONVERSION = YES;
				CLANG_WARN_OBJC_IMPLICIT_RETAIN_SELF = YES;
				CLANG_WARN_OBJC_LITERAL_CONVERSION = YES;
				CLANG_WARN_OBJC_ROOT_CLASS = YES_ERROR;
				CLANG_WARN_QUOTED_INCLUDE_IN_FRAMEWORK_HEADER = YES;
				CLANG_WARN_RANGE_LOOP_ANALYSIS = YES;
				CLANG_WARN_STRICT_PROTOTYPES = YES;
				CLANG_WARN_SUSPICIOUS_MOVE = YES;
				CLANG_WARN_UNGUARDED_AVAILABILITY = YES_AGGRESSIVE;
				CLANG_WARN_UNREACHABLE_CODE = YES;
				CLANG_WARN__DUPLICATE_METHOD_MATCH = YES;
				COPY_PHASE_STRIP = NO;
				DEBUG_INFORMATION_FORMAT = dwarf;
				ENABLE_STRICT_OBJC_MSGSEND = YES;
				ENABLE_TESTABILITY = YES;
				GCC_C_LANGUAGE_STANDARD = gnu11;
				GCC_DYNAMIC_NO_PIC = NO;
				GCC_NO_COMMON_BLOCKS = YES;
				GCC_OPTIMIZATION_LEVEL = 0;
				GCC_PREPROCESSOR_DEFINITIONS = (
					"DEBUG=1",
					"$(inherited)",
				);
				GCC_WARN_64_TO_32_BIT_CONVERSION = YES;
				GCC_WARN_ABOUT_RETURN_TYPE = YES_ERROR;
				GCC_WARN_UNDECLARED_SELECTOR = YES;
				GCC_WARN_UNINITIALIZED_AUTOS = YES_AGGRESSIVE;
				GCC_WARN_UNUSED_FUNCTION = YES;
				GCC_WARN_UNUSED_VARIABLE = YES;
				IPHONEOS_DEPLOYMENT_TARGET = 16.2;
				MTL_ENABLE_DEBUG_INFO = INCLUDE_SOURCE;
				MTL_FAST_MATH = YES;
				ONLY_ACTIVE_ARCH = YES;
				SDKROOT = iphoneos;
				SWIFT_ACTIVE_COMPILATION_CONDITIONS = DEBUG;
				SWIFT_OPTIMIZATION_LEVEL = "-Onone";
			};
			name = Debug;
		};
		EC42262B29BB473700D0F06B /* Release */ = {
			isa = XCBuildConfiguration;
			buildSettings = {
				ALWAYS_SEARCH_USER_PATHS = NO;
				CLANG_ANALYZER_NONNULL = YES;
				CLANG_ANALYZER_NUMBER_OBJECT_CONVERSION = YES_AGGRESSIVE;
				CLANG_CXX_LANGUAGE_STANDARD = "gnu++20";
				CLANG_ENABLE_MODULES = YES;
				CLANG_ENABLE_OBJC_ARC = YES;
				CLANG_ENABLE_OBJC_WEAK = YES;
				CLANG_WARN_BLOCK_CAPTURE_AUTORELEASING = YES;
				CLANG_WARN_BOOL_CONVERSION = YES;
				CLANG_WARN_COMMA = YES;
				CLANG_WARN_CONSTANT_CONVERSION = YES;
				CLANG_WARN_DEPRECATED_OBJC_IMPLEMENTATIONS = YES;
				CLANG_WARN_DIRECT_OBJC_ISA_USAGE = YES_ERROR;
				CLANG_WARN_DOCUMENTATION_COMMENTS = YES;
				CLANG_WARN_EMPTY_BODY = YES;
				CLANG_WARN_ENUM_CONVERSION = YES;
				CLANG_WARN_INFINITE_RECURSION = YES;
				CLANG_WARN_INT_CONVERSION = YES;
				CLANG_WARN_NON_LITERAL_NULL_CONVERSION = YES;
				CLANG_WARN_OBJC_IMPLICIT_RETAIN_SELF = YES;
				CLANG_WARN_OBJC_LITERAL_CONVERSION = YES;
				CLANG_WARN_OBJC_ROOT_CLASS = YES_ERROR;
				CLANG_WARN_QUOTED_INCLUDE_IN_FRAMEWORK_HEADER = YES;
				CLANG_WARN_RANGE_LOOP_ANALYSIS = YES;
				CLANG_WARN_STRICT_PROTOTYPES = YES;
				CLANG_WARN_SUSPICIOUS_MOVE = YES;
				CLANG_WARN_UNGUARDED_AVAILABILITY = YES_AGGRESSIVE;
				CLANG_WARN_UNREACHABLE_CODE = YES;
				CLANG_WARN__DUPLICATE_METHOD_MATCH = YES;
				COPY_PHASE_STRIP = NO;
				DEBUG_INFORMATION_FORMAT = "dwarf-with-dsym";
				ENABLE_NS_ASSERTIONS = NO;
				ENABLE_STRICT_OBJC_MSGSEND = YES;
				GCC_C_LANGUAGE_STANDARD = gnu11;
				GCC_NO_COMMON_BLOCKS = YES;
				GCC_WARN_64_TO_32_BIT_CONVERSION = YES;
				GCC_WARN_ABOUT_RETURN_TYPE = YES_ERROR;
				GCC_WARN_UNDECLARED_SELECTOR = YES;
				GCC_WARN_UNINITIALIZED_AUTOS = YES_AGGRESSIVE;
				GCC_WARN_UNUSED_FUNCTION = YES;
				GCC_WARN_UNUSED_VARIABLE = YES;
				IPHONEOS_DEPLOYMENT_TARGET = 16.2;
				MTL_ENABLE_DEBUG_INFO = NO;
				MTL_FAST_MATH = YES;
				SDKROOT = iphoneos;
				SWIFT_COMPILATION_MODE = wholemodule;
				SWIFT_OPTIMIZATION_LEVEL = "-O";
				VALIDATE_PRODUCT = YES;
			};
			name = Release;
		};
		EC42262D29BB473700D0F06B /* Debug */ = {
			isa = XCBuildConfiguration;
			baseConfigurationReference = 6161F2D272395FCFB2D9D170 /* Pods-ChatApp.debug.xcconfig */;
			buildSettings = {
				ASSETCATALOG_COMPILER_APPICON_NAME = AppIcon;
				ASSETCATALOG_COMPILER_GLOBAL_ACCENT_COLOR_NAME = AccentColor;
				CODE_SIGN_STYLE = Automatic;
				CURRENT_PROJECT_VERSION = 1;
				DEVELOPMENT_TEAM = 3MA2MBR2GZ;
				GENERATE_INFOPLIST_FILE = YES;
				INFOPLIST_FILE = ChatApp/Info.plist;
				INFOPLIST_KEY_NSCameraUsageDescription = "Please allow access to take a profile picture.";
				INFOPLIST_KEY_NSPhotoLibraryAddUsageDescription = "Please allow access to select a photo for your profile.";
				INFOPLIST_KEY_UIApplicationSupportsIndirectInputEvents = YES;
				INFOPLIST_KEY_UILaunchStoryboardName = LaunchScreen;
				INFOPLIST_KEY_UIMainStoryboardFile = Main;
				INFOPLIST_KEY_UISupportedInterfaceOrientations = UIInterfaceOrientationPortrait;
				IPHONEOS_DEPLOYMENT_TARGET = 16.2;
				LD_RUNPATH_SEARCH_PATHS = (
					"$(inherited)",
					"@executable_path/Frameworks",
				);
				MARKETING_VERSION = 1.0;
				PRODUCT_BUNDLE_IDENTIFIER = com.raduliano.ChatApp;
				PRODUCT_NAME = "$(TARGET_NAME)";
				SUPPORTED_PLATFORMS = "iphoneos iphonesimulator";
				SUPPORTS_MACCATALYST = NO;
				SUPPORTS_MAC_DESIGNED_FOR_IPHONE_IPAD = NO;
				SWIFT_EMIT_LOC_STRINGS = YES;
				SWIFT_VERSION = 5.0;
				TARGETED_DEVICE_FAMILY = "1,2";
			};
			name = Debug;
		};
		EC42262E29BB473700D0F06B /* Release */ = {
			isa = XCBuildConfiguration;
			baseConfigurationReference = 85156DD59473DDFF4F9D85A7 /* Pods-ChatApp.release.xcconfig */;
			buildSettings = {
				ASSETCATALOG_COMPILER_APPICON_NAME = AppIcon;
				ASSETCATALOG_COMPILER_GLOBAL_ACCENT_COLOR_NAME = AccentColor;
				CODE_SIGN_STYLE = Automatic;
				CURRENT_PROJECT_VERSION = 1;
				DEVELOPMENT_TEAM = 3MA2MBR2GZ;
				GENERATE_INFOPLIST_FILE = YES;
				INFOPLIST_FILE = ChatApp/Info.plist;
				INFOPLIST_KEY_NSCameraUsageDescription = "Please allow access to take a profile picture.";
				INFOPLIST_KEY_NSPhotoLibraryAddUsageDescription = "Please allow access to select a photo for your profile.";
				INFOPLIST_KEY_UIApplicationSupportsIndirectInputEvents = YES;
				INFOPLIST_KEY_UILaunchStoryboardName = LaunchScreen;
				INFOPLIST_KEY_UIMainStoryboardFile = Main;
				INFOPLIST_KEY_UISupportedInterfaceOrientations = UIInterfaceOrientationPortrait;
				IPHONEOS_DEPLOYMENT_TARGET = 16.2;
				LD_RUNPATH_SEARCH_PATHS = (
					"$(inherited)",
					"@executable_path/Frameworks",
				);
				MARKETING_VERSION = 1.0;
				PRODUCT_BUNDLE_IDENTIFIER = com.raduliano.ChatApp;
				PRODUCT_NAME = "$(TARGET_NAME)";
				SUPPORTED_PLATFORMS = "iphoneos iphonesimulator";
				SUPPORTS_MACCATALYST = NO;
				SUPPORTS_MAC_DESIGNED_FOR_IPHONE_IPAD = NO;
				SWIFT_EMIT_LOC_STRINGS = YES;
				SWIFT_VERSION = 5.0;
				TARGETED_DEVICE_FAMILY = "1,2";
			};
			name = Release;
		};
/* End XCBuildConfiguration section */

/* Begin XCConfigurationList section */
		EC42261329BB473600D0F06B /* Build configuration list for PBXProject "ChatApp" */ = {
			isa = XCConfigurationList;
			buildConfigurations = (
				EC42262A29BB473700D0F06B /* Debug */,
				EC42262B29BB473700D0F06B /* Release */,
			);
			defaultConfigurationIsVisible = 0;
			defaultConfigurationName = Release;
		};
		EC42262C29BB473700D0F06B /* Build configuration list for PBXNativeTarget "ChatApp" */ = {
			isa = XCConfigurationList;
			buildConfigurations = (
				EC42262D29BB473700D0F06B /* Debug */,
				EC42262E29BB473700D0F06B /* Release */,
			);
			defaultConfigurationIsVisible = 0;
			defaultConfigurationName = Release;
		};
/* End XCConfigurationList section */
	};
	rootObject = EC42261029BB473600D0F06B /* Project object */;
}
